// !$*UTF8*$!
{
    archiveVersion = 1;
    classes = {
    };
    objectVersion = 56;
    objects = {
        /* Begin PBXBuildFile section */
        1A1A1A1A1A1A1A1A1A1A1A1A /* Harmony.app in Resources */ = {isa = PBXBuildFile; fileRef = 2B2B2B2B2B2B2B2B2B2B2B2B /* Harmony.app */; };
        3C3C3C3C3C3C3C3C3C3C3C3C /* HarmonyExtension.appex in Resources */ = {isa = PBXBuildFile; fileRef = 4D4D4D4D4D4D4D4D4D4D4D4D /* HarmonyExtension.appex */; };
        5E5E5E5E5E5E5E5E5E5E5E5E /* popup.html in Resources */ = {isa = PBXBuildFile; fileRef = 6F6F6F6F6F6F6F6F6F6F6F6F /* popup.html */; };
        7G7G7G7G7G7G7G7G7G7G7G7G /* popup.js in Sources */ = {isa = PBXBuildFile; fileRef = 8H8H8H8H8H8H8H8H8H8H8H8H /* popup.js */; };
        9I9I9I9I9I9I9I9I9I9I9I9I /* background.js in Sources */ = {isa = PBXBuildFile; fileRef = 0J0J0J0J0J0J0J0J0J0J0J0J /* background.js */; };
        /* End PBXBuildFile section */

        /* Begin PBXFileReference section */
        2B2B2B2B2B2B2B2B2B2B2B2B /* Harmony.app */ = {isa = PBXFileReference; explicitFileType = wrapper.application; includeInIndex = 0; path = Harmony.app; sourceTree = BUILT_PRODUCTS_DIR; };
        4D4D4D4D4D4D4D4D4D4D4D4D /* HarmonyExtension.appex */ = {isa = PBXFileReference; explicitFileType = "bundle.safari-extension"; includeInIndex = 0; path = HarmonyExtension.appex; sourceTree = BUILT_PRODUCTS_DIR; };
        6F6F6F6F6F6F6F6F6F6F6F6F /* popup.html */ = {isa = PBXFileReference; lastKnownFileType = text.html; path = popup.html; sourceTree = "<group>"; };
        8H8H8H8H8H8H8H8H8H8H8H8H /* popup.js */ = {isa = PBXFileReference; lastKnownFileType = sourcecode.javascript; path = popup.js; sourceTree = "<group>"; };
        0J0J0J0J0J0J0J0J0J0J0J0J /* background.js */ = {isa = PBXFileReference; lastKnownFileType = sourcecode.javascript; path = background.js; sourceTree = "<group>"; };
        /* End PBXFileReference section */

        /* Begin PBXFrameworksBuildPhase section */
        1B1B1B1B1B1B1B1B1B1B1B1B /* Frameworks */ = {
            isa = PBXFrameworksBuildPhase;
            buildActionMask = 2147483647;
            files = (
            );
            runOnlyForDeploymentPostprocessing = 0;
        };
        /* End PBXFrameworksBuildPhase section */

        /* Begin PBXGroup section */
        2C2C2C2C2C2C2C2C2C2C2C2C /* Products */ = {
            isa = PBXGroup;
            children = (
                2B2B2B2B2B2B2B2B2B2B2B2B /* Harmony.app */,
                4D4D4D4D4D4D4D4D4D4D4D4D /* HarmonyExtension.appex */,
            );
            name = Products;
            sourceTree = "<group>";
        };
        3D3D3D3D3D3D3D3D3D3D3D3D /* Harmony */ = {
            isa = PBXGroup;
            children = (
                6F6F6F6F6F6F6F6F6F6F6F6F /* popup.html */,
                8H8H8H8H8H8H8H8H8H8H8H8H /* popup.js */,
                0J0J0J0J0J0J0J0J0J0J0J0J /* background.js */,
            );
            path = Harmony;
            sourceTree = "<group>";
        };
        /* End PBXGroup section */

        /* Begin PBXNativeTarget section */
        4E4E4E4E4E4E4E4E4E4E4E4E /* Harmony */ = {
            isa = PBXNativeTarget;
            buildConfigurationList = 5F5F5F5F5F5F5F5F5F5F5F5F /* Build configuration list for PBXNativeTarget "Harmony" */;
            buildPhases = (
                1B1B1B1B1B1B1B1B1B1B1B1B /* Frameworks */,
                6G6G6G6G6G6G6G6G6G6G6G6G /* Sources */,
                7H7H7H7H7H7H7H7H7H7H7H7H /* Resources */,
            );
            buildRules = (
            );
            dependencies = (
            );
            name = Harmony;
            productName = Harmony;
            productReference = 2B2B2B2B2B2B2B2B2B2B2B2B /* Harmony.app */;
            productType = "com.apple.product-type.application";
        };
        /* End PBXNativeTarget section */

        /* Begin PBXProject section */
        8I8I8I8I8I8I8I8I8I8I8I8I /* Project object */ = {
            isa = PBXProject;
            attributes = {
                LastSwiftUpdateCheck = 1500;
                LastUpgradeCheck = 1500;
                TargetAttributes = {
                    4E4E4E4E4E4E4E4E4E4E4E4E = {
                        CreatedOnToolsVersion = 15.0;
                    };
                };
            };
            buildConfigurationList = 9J9J9J9J9J9J9J9J9J9J9J9J /* Build configuration list for PBXProject "Harmony" */;
            compatibilityVersion = "Xcode 14.0";
            developmentRegion = en;
            hasScannedForEncodings = 0;
            knownRegions = (
                en,
                Base,
            );
            mainGroup = 3D3D3D3D3D3D3D3D3D3D3D3D;
            productRefGroup = 2C2C2C2C2C2C2C2C2C2C2C2C /* Products */;
            projectDirPath = "";
            projectRoot = "";
            targets = (
                4E4E4E4E4E4E4E4E4E4E4E4E /* Harmony */,
            );
        };
        /* End PBXProject section */

        /* Begin PBXResourcesBuildPhase section */
        7H7H7H7H7H7H7H7H7H7H7H7H /* Resources */ = {
            isa = PBXResourcesBuildPhase;
            buildActionMask = 2147483647;
            files = (
                1A1A1A1A1A1A1A1A1A1A1A1A /* Harmony.app in Resources */,
                3C3C3C3C3C3C3C3C3C3C3C3C /* HarmonyExtension.appex in Resources */,
                5E5E5E5E5E5E5E5E5E5E5E5E /* popup.html in Resources */,
            );
            runOnlyForDeploymentPostprocessing = 0;
        };
        /* End PBXResourcesBuildPhase section */

        /* Begin PBXSourcesBuildPhase section */
        6G6G6G6G6G6G6G6G6G6G6G6G /* Sources */ = {
            isa = PBXSourcesBuildPhase;
            buildActionMask = 2147483647;
            files = (
                9I9I9I9I9I9I9I9I9I9I9I9I /* background.js in Sources */,
                7G7G7G7G7G7G7G7G7G7G7G7G /* popup.js in Sources */,
            );
            runOnlyForDeploymentPostprocessing = 0;
        };
        /* End PBXSourcesBuildPhase section */

        /* Begin XCBuildConfiguration section */
        0K0K0K0K0K0K0K0K0K0K0K0K /* Debug */ = {
            isa = XCBuildConfiguration;
            buildSettings = {
                ALWAYS_SEARCH_USER_PATHS = NO;
                CLANG_ANALYZER_NONNULL = YES;
                CLANG_ANALYZER_NUMBER_OBJECT_CONVERSION = YES_AGGRESSIVE;
                CLANG_CXX_LANGUAGE_STANDARD = "gnu++20";
                CLANG_ENABLE_MODULES = YES;
                CLANG_ENABLE_OBJC_ARC = YES;
                CLANG_ENABLE_OBJC_WEAK = YES;
                CLANG_WARN_BLOCK_CAPTURE_AUTORELEASING = YES;
                CLANG_WARN_BOOL_CONVERSION = YES;
                CLANG_WARN_COMMA = YES;
                CLANG_WARN_CONSTANT_CONVERSION = YES;
                CLANG_WARN_DEPRECATED_OBJC_IMPLEMENTATIONS = YES;
                CLANG_WARN_DIRECT_OBJC_ISA_USAGE = YES_ERROR;
                CLANG_WARN_DOCUMENTATION_COMMENTS = YES;
                CLANG_WARN_EMPTY_BODY = YES;
                CLANG_WARN_ENUM_CONVERSION = YES;
                CLANG_WARN_INFINITE_RECURSION = YES;
                CLANG_WARN_INT_CONVERSION = YES;
                CLANG_WARN_NON_LITERAL_NULL_CONVERSION = YES;
                CLANG_WARN_OBJC_IMPLICIT_RETAIN_SELF = YES;
                CLANG_WARN_OBJC_LITERAL_CONVERSION = YES;
                CLANG_WARN_OBJC_ROOT_CLASS = YES_ERROR;
                CLANG_WARN_QUOTED_INCLUDE_IN_FRAMEWORK_HEADER = YES;
                CLANG_WARN_RANGE_LOOP_ANALYSIS = YES;
                CLANG_WARN_STRICT_PROTOTYPES = YES;
                CLANG_WARN_SUSPICIOUS_MOVE = YES;
                CLANG_WARN_UNGUARDED_AVAILABILITY = YES_AGGRESSIVE;
                CLANG_WARN_UNREACHABLE_CODE = YES;
                CLANG_WARN__DUPLICATE_METHOD_MATCH = YES;
                COPY_PHASE_STRIP = NO;
                DEBUG_INFORMATION_FORMAT = dwarf;
                ENABLE_STRICT_OBJC_MSGSEND = YES;
                ENABLE_TESTABILITY = YES;
                GCC_C_LANGUAGE_STANDARD = gnu17;
                GCC_DYNAMIC_NO_PIC = NO;
                GCC_NO_COMMON_BLOCKS = YES;
                GCC_OPTIMIZATION_LEVEL = 0;
                GCC_PREPROCESSOR_DEFINITIONS = (
                    "DEBUG=1",
                    "$(inherited)",
                );
                GCC_WARN_64_TO_32_BIT_CONVERSION = YES;
                GCC_WARN_ABOUT_RETURN_TYPE = YES_ERROR;
                GCC_WARN_UNDECLARED_SELECTOR = YES;
                GCC_WARN_UNINITIALIZED_AUTOS = YES_AGGRESSIVE;
                GCC_WARN_UNUSED_FUNCTION = YES;
                GCC_WARN_UNUSED_VARIABLE = YES;
                IPHONEOS_DEPLOYMENT_TARGET = 17.0;
                MTL_ENABLE_DEBUG_INFO = INCLUDE_SOURCE;
                MTL_FAST_MATH = YES;
                ONLY_ACTIVE_ARCH = YES;
                SDKROOT = macosx;
                SWIFT_ACTIVE_COMPILATION_CONDITIONS = DEBUG;
            };
            name = Debug;
        };
        /* End XCBuildConfiguration section */
    };
    rootObject = 8I8I8I8I8I8I8I8I8I8I8I8I /* Project object */;
} 